<?xml version="1.0" encoding="UTF-8"?>
<Scheme
   version = "1.3">
   <BuildAction>
      <BuildActionEntries>
         <BuildActionEntry
            buildForRunning = "YES">
            <BuildableReference
               BuildableIdentifier = "primary"
               BlueprintIdentifier = "9C79B0D3188A184A00D465D8"
               BuildableName = "ABPadLockScreenDemo.app"
               BlueprintName = "ABPadLockScreenDemo"
               ReferencedContainer = "container:ABPadLockScreenDemo.xcodeproj">
            </BuildableReference>
         </BuildActionEntry>
      </BuildActionEntries>
   </BuildAction>
   <LaunchAction
      useCustomWorkingDirectory = "NO"
      buildConfiguration = "Debug">
      <BuildableProductRunnable>
         <BuildableReference
            BuildableIdentifier = "primary"
            BlueprintIdentifier = "9C79B0D3188A184A00D465D8"
            BuildableName = "ABPadLockScreenDemo.app"
            BlueprintName = "ABPadLockScreenDemo"
            ReferencedContainer = "container:ABPadLockScreenDemo.xcodeproj">
         </BuildableReference>
      </BuildableProductRunnable>
   </LaunchAction>
</Scheme>
